# This file was autogenerated by Stack.
# You should not edit this file by hand.
# For more information, please see the documentation at:
#   https://docs.haskellstack.org/en/stable/lock_files

packages:
- completed:
    hackage: regex-base-0.94.0.0@sha256:44aa95ca762294ffbb28cf0af9c567d93b5d2c56e4f38ce5385a257d899f968e,2253
    pantry-tree:
      size: 483
      sha256: 627ad9d564650590654720934224090a4e8fc3225e84a7fd1af83bc86b2d446a
  original:
    hackage: regex-base-0.94.0.0
- completed:
    hackage: regex-pcre-0.95.0.0@sha256:044727b7eb4d6ee11a1a2e857045d56c4eb16d55a50fa15ceb30b1ea376fb2e8,1951
    pantry-tree:
      size: 634
      sha256: 1931962cdccf17cf113c486f6b7025d3e37b3c17fb5adb7d79c4244c7549c7c8
  original:
    hackage: regex-pcre-0.95.0.0
snapshots:
- completed:
    size: 532835
    url: https://raw.githubusercontent.com/commercialhaskell/stackage-snapshots/master/lts/16/24.yaml
    sha256: cf2b52420b2262fe9cf0f6744929120131abd6675b1c3fb2d8b155a47f80d103
  original: lts-16.24
